
Microsoft Visual Studio Solution File, Format Version 12.00
# Visual Studio Version 16
VisualStudioVersion = 16.0.32228.343
MinimumVisualStudioVersion = 10.0.40219.1
Project("{FAE04EC0-301F-11D3-BF4B-00C04F79EFBC}") = "ConsoleProject", "ConsoleProject.csproj", "{042D522F-342E-4396-97EB-FFB7DAA9CD49}"
EndProject
Global
	GlobalSection(SolutionConfigurationPlatforms) = preSolution
		Debug|Any CPU = Debug|Any CPU
		Release|Any CPU = Release|Any CPU
	EndGlobalSection
	GlobalSection(ProjectConfigurationPlatforms) = postSolution
		{042D522F-342E-4396-97EB-FFB7DAA9CD49}.Debug|Any CPU.ActiveCfg = Debug|Any CPU
		{042D522F-342E-4396-97EB-FFB7DAA9CD49}.Debug|Any CPU.Build.0 = Debug|Any CPU
		{042D522F-342E-4396-97EB-FFB7DAA9CD49}.Release|Any CPU.ActiveCfg = Release|Any CPU
		{042D522F-342E-4396-97EB-FFB7DAA9CD49}.Release|Any CPU.Build.0 = Release|Any CPU
	EndGlobalSection
	GlobalSection(SolutionProperties) = preSolution
		HideSolutionNode = FALSE
	EndGlobalSection
	GlobalSection(ExtensibilityGlobals) = postSolution
		SolutionGuid = {632FC4AE-ADCB-4F24-A764-1A4D98348578}
	EndGlobalSection
EndGlobal
